// !$*UTF8*$!
{
	archiveVersion = 1;
	classes = {
	};
	objectVersion = 50;
	objects = {

/* Begin PBXBuildFile section */
		B9C2026F23E085D900804F35 /* AppDelegate.swift in Sources */ = {isa = PBXBuildFile; fileRef = B9C2026E23E085D900804F35 /* AppDelegate.swift */; };
		B9C2027123E085D900804F35 /* SceneDelegate.swift in Sources */ = {isa = PBXBuildFile; fileRef = B9C2027023E085D900804F35 /* SceneDelegate.swift */; };
		B9C2027323E085D900804F35 /* ContentView.swift in Sources */ = {isa = PBXBuildFile; fileRef = B9C2027223E085D900804F35 /* ContentView.swift */; };
		B9C2027523E085DB00804F35 /* Assets.xcassets in Resources */ = {isa = PBXBuildFile; fileRef = B9C2027423E085DB00804F35 /* Assets.xcassets */; };
		B9C2027823E085DB00804F35 /* Preview Assets.xcassets in Resources */ = {isa = PBXBuildFile; fileRef = B9C2027723E085DB00804F35 /* Preview Assets.xcassets */; };
		B9C2027B23E085DB00804F35 /* LaunchScreen.storyboard in Resources */ = {isa = PBXBuildFile; fileRef = B9C2027923E085DB00804F35 /* LaunchScreen.storyboard */; };
		B9C2028623E085DC00804F35 /* JiroTravelersMapTests.swift in Sources */ = {isa = PBXBuildFile; fileRef = B9C2028523E085DC00804F35 /* JiroTravelersMapTests.swift */; };
/* End PBXBuildFile section */

/* Begin PBXContainerItemProxy section */
		B9C2028223E085DC00804F35 /* PBXContainerItemProxy */ = {
			isa = PBXContainerItemProxy;
			containerPortal = B9C2026323E085D900804F35 /* Project object */;
			proxyType = 1;
			remoteGlobalIDString = B9C2026A23E085D900804F35;
			remoteInfo = JiroTravelersMap;
		};
/* End PBXContainerItemProxy section */

/* Begin PBXFileReference section */
		B9C2026B23E085D900804F35 /* JiroTravelersMap.app */ = {isa = PBXFileReference; explicitFileType = wrapper.application; includeInIndex = 0; path = JiroTravelersMap.app; sourceTree = BUILT_PRODUCTS_DIR; };
		B9C2026E23E085D900804F35 /* AppDelegate.swift */ = {isa = PBXFileReference; lastKnownFileType = sourcecode.swift; path = AppDelegate.swift; sourceTree = "<group>"; };
		B9C2027023E085D900804F35 /* SceneDelegate.swift */ = {isa = PBXFileReference; lastKnownFileType = sourcecode.swift; path = SceneDelegate.swift; sourceTree = "<group>"; };
		B9C2027223E085D900804F35 /* ContentView.swift */ = {isa = PBXFileReference; lastKnownFileType = sourcecode.swift; path = ContentView.swift; sourceTree = "<group>"; };
		B9C2027423E085DB00804F35 /* Assets.xcassets */ = {isa = PBXFileReference; lastKnownFileType = folder.assetcatalog; path = Assets.xcassets; sourceTree = "<group>"; };
		B9C2027723E085DB00804F35 /* Preview Assets.xcassets */ = {isa = PBXFileReference; lastKnownFileType = folder.assetcatalog; path = "Preview Assets.xcassets"; sourceTree = "<group>"; };
		B9C2027A23E085DB00804F35 /* Base */ = {isa = PBXFileReference; lastKnownFileType = file.storyboard; name = Base; path = Base.lproj/LaunchScreen.storyboard; sourceTree = "<group>"; };
		B9C2027C23E085DB00804F35 /* Info.plist */ = {isa = PBXFileReference; lastKnownFileType = text.plist.xml; path = Info.plist; sourceTree = "<group>"; };
		B9C2028123E085DC00804F35 /* JiroTravelersMapTests.xctest */ = {isa = PBXFileReference; explicitFileType = wrapper.cfbundle; includeInIndex = 0; path = JiroTravelersMapTests.xctest; sourceTree = BUILT_PRODUCTS_DIR; };
		B9C2028523E085DC00804F35 /* JiroTravelersMapTests.swift */ = {isa = PBXFileReference; lastKnownFileType = sourcecode.swift; path = JiroTravelersMapTests.swift; sourceTree = "<group>"; };
		B9C2028723E085DC00804F35 /* Info.plist */ = {isa = PBXFileReference; lastKnownFileType = text.plist.xml; path = Info.plist; sourceTree = "<group>"; };
/* End PBXFileReference section */

/* Begin PBXFrameworksBuildPhase section */
		B9C2026823E085D900804F35 /* Frameworks */ = {
			isa = PBXFrameworksBuildPhase;
			buildActionMask = 2147483647;
			files = (
			);
			runOnlyForDeploymentPostprocessing = 0;
		};
		B9C2027E23E085DC00804F35 /* Frameworks */ = {
			isa = PBXFrameworksBuildPhase;
			buildActionMask = 2147483647;
			files = (
			);
			runOnlyForDeploymentPostprocessing = 0;
		};
/* End PBXFrameworksBuildPhase section */

/* Begin PBXGroup section */
		B9C2026223E085D900804F35 = {
			isa = PBXGroup;
			children = (
				B9C2026D23E085D900804F35 /* JiroTravelersMap */,
				B9C2028423E085DC00804F35 /* JiroTravelersMapTests */,
				B9C2026C23E085D900804F35 /* Products */,
			);
			sourceTree = "<group>";
		};
		B9C2026C23E085D900804F35 /* Products */ = {
			isa = PBXGroup;
			children = (
				B9C2026B23E085D900804F35 /* JiroTravelersMap.app */,
				B9C2028123E085DC00804F35 /* JiroTravelersMapTests.xctest */,
			);
			name = Products;
			sourceTree = "<group>";
		};
		B9C2026D23E085D900804F35 /* JiroTravelersMap */ = {
			isa = PBXGroup;
			children = (
				B9C2026E23E085D900804F35 /* AppDelegate.swift */,
				B9C2027023E085D900804F35 /* SceneDelegate.swift */,
				B9C2027223E085D900804F35 /* ContentView.swift */,
				B9C2027423E085DB00804F35 /* Assets.xcassets */,
				B9C2027923E085DB00804F35 /* LaunchScreen.storyboard */,
				B9C2027C23E085DB00804F35 /* Info.plist */,
				B9C2027623E085DB00804F35 /* Preview Content */,
			);
			path = JiroTravelersMap;
			sourceTree = "<group>";
		};
		B9C2027623E085DB00804F35 /* Preview Content */ = {
			isa = PBXGroup;
			children = (
				B9C2027723E085DB00804F35 /* Preview Assets.xcassets */,
			);
			path = "Preview Content";
			sourceTree = "<group>";
		};
		B9C2028423E085DC00804F35 /* JiroTravelersMapTests */ = {
			isa = PBXGroup;
			children = (
				B9C2028523E085DC00804F35 /* JiroTravelersMapTests.swift */,
				B9C2028723E085DC00804F35 /* Info.plist */,
			);
			path = JiroTravelersMapTests;
			sourceTree = "<group>";
		};
/* End PBXGroup section */

/* Begin PBXNativeTarget section */
		B9C2026A23E085D900804F35 /* JiroTravelersMap */ = {
			isa = PBXNativeTarget;
			buildConfigurationList = B9C2028A23E085DC00804F35 /* Build configuration list for PBXNativeTarget "JiroTravelersMap" */;
			buildPhases = (
				B9C2026723E085D900804F35 /* Sources */,
				B9C2026823E085D900804F35 /* Frameworks */,
				B9C2026923E085D900804F35 /* Resources */,
			);
			buildRules = (
			);
			dependencies = (
			);
			name = JiroTravelersMap;
			productName = JiroTravelersMap;
			productReference = B9C2026B23E085D900804F35 /* JiroTravelersMap.app */;
			productType = "com.apple.product-type.application";
		};
		B9C2028023E085DC00804F35 /* JiroTravelersMapTests */ = {
			isa = PBXNativeTarget;
			buildConfigurationList = B9C2028D23E085DC00804F35 /* Build configuration list for PBXNativeTarget "JiroTravelersMapTests" */;
			buildPhases = (
				B9C2027D23E085DC00804F35 /* Sources */,
				B9C2027E23E085DC00804F35 /* Frameworks */,
				B9C2027F23E085DC00804F35 /* Resources */,
			);
			buildRules = (
			);
			dependencies = (
				B9C2028323E085DC00804F35 /* PBXTargetDependency */,
			);
			name = JiroTravelersMapTests;
			productName = JiroTravelersMapTests;
			productReference = B9C2028123E085DC00804F35 /* JiroTravelersMapTests.xctest */;
			productType = "com.apple.product-type.bundle.unit-test";
		};
/* End PBXNativeTarget section */

/* Begin PBXProject section */
		B9C2026323E085D900804F35 /* Project object */ = {
			isa = PBXProject;
			attributes = {
				LastSwiftUpdateCheck = 1130;
				LastUpgradeCheck = 1130;
				ORGANIZATIONNAME = 417.72KI;
				TargetAttributes = {
					B9C2026A23E085D900804F35 = {
						CreatedOnToolsVersion = 11.3;
					};
					B9C2028023E085DC00804F35 = {
						CreatedOnToolsVersion = 11.3;
						TestTargetID = B9C2026A23E085D900804F35;
					};
				};
			};
			buildConfigurationList = B9C2026623E085D900804F35 /* Build configuration list for PBXProject "JiroTravelersMap" */;
			compatibilityVersion = "Xcode 9.3";
			developmentRegion = en;
			hasScannedForEncodings = 0;
			knownRegions = (
				en,
				Base,
			);
			mainGroup = B9C2026223E085D900804F35;
			productRefGroup = B9C2026C23E085D900804F35 /* Products */;
			projectDirPath = "";
			projectRoot = "";
			targets = (
				B9C2026A23E085D900804F35 /* JiroTravelersMap */,
				B9C2028023E085DC00804F35 /* JiroTravelersMapTests */,
			);
		};
/* End PBXProject section */

/* Begin PBXResourcesBuildPhase section */
		B9C2026923E085D900804F35 /* Resources */ = {
			isa = PBXResourcesBuildPhase;
			buildActionMask = 2147483647;
			files = (
				B9C2027B23E085DB00804F35 /* LaunchScreen.storyboard in Resources */,
				B9C2027823E085DB00804F35 /* Preview Assets.xcassets in Resources */,
				B9C2027523E085DB00804F35 /* Assets.xcassets in Resources */,
			);
			runOnlyForDeploymentPostprocessing = 0;
		};
		B9C2027F23E085DC00804F35 /* Resources */ = {
			isa = PBXResourcesBuildPhase;
			buildActionMask = 2147483647;
			files = (
			);
			runOnlyForDeploymentPostprocessing = 0;
		};
/* End PBXResourcesBuildPhase section */

/* Begin PBXSourcesBuildPhase section */
		B9C2026723E085D900804F35 /* Sources */ = {
			isa = PBXSourcesBuildPhase;
			buildActionMask = 2147483647;
			files = (
				B9C2026F23E085D900804F35 /* AppDelegate.swift in Sources */,
				B9C2027123E085D900804F35 /* SceneDelegate.swift in Sources */,
				B9C2027323E085D900804F35 /* ContentView.swift in Sources */,
			);
			runOnlyForDeploymentPostprocessing = 0;
		};
		B9C2027D23E085DC00804F35 /* Sources */ = {
			isa = PBXSourcesBuildPhase;
			buildActionMask = 2147483647;
			files = (
				B9C2028623E085DC00804F35 /* JiroTravelersMapTests.swift in Sources */,
			);
			runOnlyForDeploymentPostprocessing = 0;
		};
/* End PBXSourcesBuildPhase section */

/* Begin PBXTargetDependency section */
		B9C2028323E085DC00804F35 /* PBXTargetDependency */ = {
			isa = PBXTargetDependency;
			target = B9C2026A23E085D900804F35 /* JiroTravelersMap */;
			targetProxy = B9C2028223E085DC00804F35 /* PBXContainerItemProxy */;
		};
/* End PBXTargetDependency section */

/* Begin PBXVariantGroup section */
		B9C2027923E085DB00804F35 /* LaunchScreen.storyboard */ = {
			isa = PBXVariantGroup;
			children = (
				B9C2027A23E085DB00804F35 /* Base */,
			);
			name = LaunchScreen.storyboard;
			sourceTree = "<group>";
		};
/* End PBXVariantGroup section */

/* Begin XCBuildConfiguration section */
		B9C2028823E085DC00804F35 /* Debug */ = {
			isa = XCBuildConfiguration;
			buildSettings = {
				ALWAYS_SEARCH_USER_PATHS = NO;
				CLANG_ANALYZER_NONNULL = YES;
				CLANG_ANALYZER_NUMBER_OBJECT_CONVERSION = YES_AGGRESSIVE;
				CLANG_CXX_LANGUAGE_STANDARD = "gnu++14";
				CLANG_CXX_LIBRARY = "libc++";
				CLANG_ENABLE_MODULES = YES;
				CLANG_ENABLE_OBJC_ARC = YES;
				CLANG_ENABLE_OBJC_WEAK = YES;
				CLANG_WARN_BLOCK_CAPTURE_AUTORELEASING = YES;
				CLANG_WARN_BOOL_CONVERSION = YES;
				CLANG_WARN_COMMA = YES;
				CLANG_WARN_CONSTANT_CONVERSION = YES;
				CLANG_WARN_DEPRECATED_OBJC_IMPLEMENTATIONS = YES;
				CLANG_WARN_DIRECT_OBJC_ISA_USAGE = YES_ERROR;
				CLANG_WARN_DOCUMENTATION_COMMENTS = YES;
				CLANG_WARN_EMPTY_BODY = YES;
				CLANG_WARN_ENUM_CONVERSION = YES;
				CLANG_WARN_INFINITE_RECURSION = YES;
				CLANG_WARN_INT_CONVERSION = YES;
				CLANG_WARN_NON_LITERAL_NULL_CONVERSION = YES;
				CLANG_WARN_OBJC_IMPLICIT_RETAIN_SELF = YES;
				CLANG_WARN_OBJC_LITERAL_CONVERSION = YES;
				CLANG_WARN_OBJC_ROOT_CLASS = YES_ERROR;
				CLANG_WARN_RANGE_LOOP_ANALYSIS = YES;
				CLANG_WARN_STRICT_PROTOTYPES = YES;
				CLANG_WARN_SUSPICIOUS_MOVE = YES;
				CLANG_WARN_UNGUARDED_AVAILABILITY = YES_AGGRESSIVE;
				CLANG_WARN_UNREACHABLE_CODE = YES;
				CLANG_WARN__DUPLICATE_METHOD_MATCH = YES;
				COPY_PHASE_STRIP = NO;
				DEBUG_INFORMATION_FORMAT = dwarf;
				ENABLE_STRICT_OBJC_MSGSEND = YES;
				ENABLE_TESTABILITY = YES;
				GCC_C_LANGUAGE_STANDARD = gnu11;
				GCC_DYNAMIC_NO_PIC = NO;
				GCC_NO_COMMON_BLOCKS = YES;
				GCC_OPTIMIZATION_LEVEL = 0;
				GCC_PREPROCESSOR_DEFINITIONS = (
					"DEBUG=1",
					"$(inherited)",
				);
				GCC_WARN_64_TO_32_BIT_CONVERSION = YES;
				GCC_WARN_ABOUT_RETURN_TYPE = YES_ERROR;
				GCC_WARN_UNDECLARED_SELECTOR = YES;
				GCC_WARN_UNINITIALIZED_AUTOS = YES_AGGRESSIVE;
				GCC_WARN_UNUSED_FUNCTION = YES;
				GCC_WARN_UNUSED_VARIABLE = YES;
				IPHONEOS_DEPLOYMENT_TARGET = 13.2;
				MTL_ENABLE_DEBUG_INFO = INCLUDE_SOURCE;
				MTL_FAST_MATH = YES;
				ONLY_ACTIVE_ARCH = YES;
				SDKROOT = iphoneos;
				SWIFT_ACTIVE_COMPILATION_CONDITIONS = DEBUG;
				SWIFT_OPTIMIZATION_LEVEL = "-Onone";
			};
			name = Debug;
		};
		B9C2028923E085DC00804F35 /* Release */ = {
			isa = XCBuildConfiguration;
			buildSettings = {
				ALWAYS_SEARCH_USER_PATHS = NO;
				CLANG_ANALYZER_NONNULL = YES;
				CLANG_ANALYZER_NUMBER_OBJECT_CONVERSION = YES_AGGRESSIVE;
				CLANG_CXX_LANGUAGE_STANDARD = "gnu++14";
				CLANG_CXX_LIBRARY = "libc++";
				CLANG_ENABLE_MODULES = YES;
				CLANG_ENABLE_OBJC_ARC = YES;
				CLANG_ENABLE_OBJC_WEAK = YES;
				CLANG_WARN_BLOCK_CAPTURE_AUTORELEASING = YES;
				CLANG_WARN_BOOL_CONVERSION = YES;
				CLANG_WARN_COMMA = YES;
				CLANG_WARN_CONSTANT_CONVERSION = YES;
				CLANG_WARN_DEPRECATED_OBJC_IMPLEMENTATIONS = YES;
				CLANG_WARN_DIRECT_OBJC_ISA_USAGE = YES_ERROR;
				CLANG_WARN_DOCUMENTATION_COMMENTS = YES;
				CLANG_WARN_EMPTY_BODY = YES;
				CLANG_WARN_ENUM_CONVERSION = YES;
				CLANG_WARN_INFINITE_RECURSION = YES;
				CLANG_WARN_INT_CONVERSION = YES;
				CLANG_WARN_NON_LITERAL_NULL_CONVERSION = YES;
				CLANG_WARN_OBJC_IMPLICIT_RETAIN_SELF = YES;
				CLANG_WARN_OBJC_LITERAL_CONVERSION = YES;
				CLANG_WARN_OBJC_ROOT_CLASS = YES_ERROR;
				CLANG_WARN_RANGE_LOOP_ANALYSIS = YES;
				CLANG_WARN_STRICT_PROTOTYPES = YES;
				CLANG_WARN_SUSPICIOUS_MOVE = YES;
				CLANG_WARN_UNGUARDED_AVAILABILITY = YES_AGGRESSIVE;
				CLANG_WARN_UNREACHABLE_CODE = YES;
				CLANG_WARN__DUPLICATE_METHOD_MATCH = YES;
				COPY_PHASE_STRIP = NO;
				DEBUG_INFORMATION_FORMAT = "dwarf-with-dsym";
				ENABLE_NS_ASSERTIONS = NO;
				ENABLE_STRICT_OBJC_MSGSEND = YES;
				GCC_C_LANGUAGE_STANDARD = gnu11;
				GCC_NO_COMMON_BLOCKS = YES;
				GCC_WARN_64_TO_32_BIT_CONVERSION = YES;
				GCC_WARN_ABOUT_RETURN_TYPE = YES_ERROR;
				GCC_WARN_UNDECLARED_SELECTOR = YES;
				GCC_WARN_UNINITIALIZED_AUTOS = YES_AGGRESSIVE;
				GCC_WARN_UNUSED_FUNCTION = YES;
				GCC_WARN_UNUSED_VARIABLE = YES;
				IPHONEOS_DEPLOYMENT_TARGET = 13.2;
				MTL_ENABLE_DEBUG_INFO = NO;
				MTL_FAST_MATH = YES;
				SDKROOT = iphoneos;
				SWIFT_COMPILATION_MODE = wholemodule;
				SWIFT_OPTIMIZATION_LEVEL = "-O";
				VALIDATE_PRODUCT = YES;
			};
			name = Release;
		};
		B9C2028B23E085DC00804F35 /* Debug */ = {
			isa = XCBuildConfiguration;
			buildSettings = {
				ASSETCATALOG_COMPILER_APPICON_NAME = AppIcon;
				CODE_SIGN_STYLE = Automatic;
				DEVELOPMENT_ASSET_PATHS = "\"JiroTravelersMap/Preview Content\"";
				DEVELOPMENT_TEAM = QQ9QE2K9VN;
				ENABLE_PREVIEWS = YES;
				INFOPLIST_FILE = JiroTravelersMap/Info.plist;
				LD_RUNPATH_SEARCH_PATHS = (
					"$(inherited)",
					"@executable_path/Frameworks",
				);
				PRODUCT_BUNDLE_IDENTIFIER = jp.room417.JiroTravelersMap;
				PRODUCT_NAME = "$(TARGET_NAME)";
				SWIFT_VERSION = 5.0;
				TARGETED_DEVICE_FAMILY = "1,2";
			};
			name = Debug;
		};
		B9C2028C23E085DC00804F35 /* Release */ = {
			isa = XCBuildConfiguration;
			buildSettings = {
				ASSETCATALOG_COMPILER_APPICON_NAME = AppIcon;
				CODE_SIGN_STYLE = Automatic;
				DEVELOPMENT_ASSET_PATHS = "\"JiroTravelersMap/Preview Content\"";
				DEVELOPMENT_TEAM = QQ9QE2K9VN;
				ENABLE_PREVIEWS = YES;
				INFOPLIST_FILE = JiroTravelersMap/Info.plist;
				LD_RUNPATH_SEARCH_PATHS = (
					"$(inherited)",
					"@executable_path/Frameworks",
				);
				PRODUCT_BUNDLE_IDENTIFIER = jp.room417.JiroTravelersMap;
				PRODUCT_NAME = "$(TARGET_NAME)";
				SWIFT_VERSION = 5.0;
				TARGETED_DEVICE_FAMILY = "1,2";
			};
			name = Release;
		};
		B9C2028E23E085DC00804F35 /* Debug */ = {
			isa = XCBuildConfiguration;
			buildSettings = {
				ALWAYS_EMBED_SWIFT_STANDARD_LIBRARIES = YES;
				BUNDLE_LOADER = "$(TEST_HOST)";
				CODE_SIGN_STYLE = Automatic;
				DEVELOPMENT_TEAM = QQ9QE2K9VN;
				INFOPLIST_FILE = JiroTravelersMapTests/Info.plist;
				IPHONEOS_DEPLOYMENT_TARGET = 13.2;
				LD_RUNPATH_SEARCH_PATHS = (
					"$(inherited)",
					"@executable_path/Frameworks",
					"@loader_path/Frameworks",
				);
				PRODUCT_BUNDLE_IDENTIFIER = jp.room417.JiroTravelersMapTests;
				PRODUCT_NAME = "$(TARGET_NAME)";
				SWIFT_VERSION = 5.0;
				TARGETED_DEVICE_FAMILY = "1,2";
				TEST_HOST = "$(BUILT_PRODUCTS_DIR)/JiroTravelersMap.app/JiroTravelersMap";
			};
			name = Debug;
		};
		B9C2028F23E085DC00804F35 /* Release */ = {
			isa = XCBuildConfiguration;
			buildSettings = {
				ALWAYS_EMBED_SWIFT_STANDARD_LIBRARIES = YES;
				BUNDLE_LOADER = "$(TEST_HOST)";
				CODE_SIGN_STYLE = Automatic;
				DEVELOPMENT_TEAM = QQ9QE2K9VN;
				INFOPLIST_FILE = JiroTravelersMapTests/Info.plist;
				IPHONEOS_DEPLOYMENT_TARGET = 13.2;
				LD_RUNPATH_SEARCH_PATHS = (
					"$(inherited)",
					"@executable_path/Frameworks",
					"@loader_path/Frameworks",
				);
				PRODUCT_BUNDLE_IDENTIFIER = jp.room417.JiroTravelersMapTests;
				PRODUCT_NAME = "$(TARGET_NAME)";
				SWIFT_VERSION = 5.0;
				TARGETED_DEVICE_FAMILY = "1,2";
				TEST_HOST = "$(BUILT_PRODUCTS_DIR)/JiroTravelersMap.app/JiroTravelersMap";
			};
			name = Release;
		};
/* End XCBuildConfiguration section */

/* Begin XCConfigurationList section */
		B9C2026623E085D900804F35 /* Build configuration list for PBXProject "JiroTravelersMap" */ = {
			isa = XCConfigurationList;
			buildConfigurations = (
				B9C2028823E085DC00804F35 /* Debug */,
				B9C2028923E085DC00804F35 /* Release */,
			);
			defaultConfigurationIsVisible = 0;
			defaultConfigurationName = Release;
		};
		B9C2028A23E085DC00804F35 /* Build configuration list for PBXNativeTarget "JiroTravelersMap" */ = {
			isa = XCConfigurationList;
			buildConfigurations = (
				B9C2028B23E085DC00804F35 /* Debug */,
				B9C2028C23E085DC00804F35 /* Release */,
			);
			defaultConfigurationIsVisible = 0;
			defaultConfigurationName = Release;
		};
		B9C2028D23E085DC00804F35 /* Build configuration list for PBXNativeTarget "JiroTravelersMapTests" */ = {
			isa = XCConfigurationList;
			buildConfigurations = (
				B9C2028E23E085DC00804F35 /* Debug */,
				B9C2028F23E085DC00804F35 /* Release */,
			);
			defaultConfigurationIsVisible = 0;
			defaultConfigurationName = Release;
		};
/* End XCConfigurationList section */
	};
	rootObject = B9C2026323E085D900804F35 /* Project object */;
}
